
Microsoft Visual Studio Solution File, Format Version 12.00
# Visual Studio 2013
VisualStudioVersion = 12.0.31101.0
MinimumVisualStudioVersion = 10.0.40219.1
Project("{FAE04EC0-301F-11D3-BF4B-00C04F79EFBC}") = "Microsoft.Azure.Management.DataFactories", "Microsoft.Azure.Management.DataFactories\Microsoft.Azure.Management.DataFactories.csproj", "{5CF6CC47-222C-4510-9123-1F9CC35B6E50}"
EndProject
Project("{2150E333-8FDC-42A3-9474-1A3956D46DE8}") = "Solution Items", "Solution Items", "{0A072201-5EC1-4A30-A814-5E4D5FCD4DCB}"
	ProjectSection(SolutionItems) = preProject
		codecoverage.runsettings = codecoverage.runsettings
	EndProjectSection
EndProject
Global
	GlobalSection(SolutionConfigurationPlatforms) = preSolution
		Debug|Any CPU = Debug|Any CPU
		Release|Any CPU = Release|Any CPU
	EndGlobalSection
	GlobalSection(ProjectConfigurationPlatforms) = postSolution
		{5CF6CC47-222C-4510-9123-1F9CC35B6E50}.Debug|Any CPU.ActiveCfg = Debug|Any CPU
		{5CF6CC47-222C-4510-9123-1F9CC35B6E50}.Debug|Any CPU.Build.0 = Debug|Any CPU
		{5CF6CC47-222C-4510-9123-1F9CC35B6E50}.Release|Any CPU.ActiveCfg = Release|Any CPU
		{5CF6CC47-222C-4510-9123-1F9CC35B6E50}.Release|Any CPU.Build.0 = Release|Any CPU
	EndGlobalSection
	GlobalSection(SolutionProperties) = preSolution
		HideSolutionNode = FALSE
	EndGlobalSection
EndGlobal
