
Microsoft Visual Studio Solution File, Format Version 12.00
# Visual Studio 15
VisualStudioVersion = 15.0.27004.2002
MinimumVisualStudioVersion = 10.0.40219.1
Project("{FAE04EC0-301F-11D3-BF4B-00C04F79EFBC}") = "HDInsightJob", "HDInsightJob\HDInsightJob.csproj", "{A29E3B5E-B4FF-42DB-A50A-26C5B66F60F8}"
EndProject
Global
	GlobalSection(SolutionConfigurationPlatforms) = preSolution
		Net40-Debug|Any CPU = Net40-Debug|Any CPU
		Net40-Release|Any CPU = Net40-Release|Any CPU
		Net45-Debug|Any CPU = Net45-Debug|Any CPU
		Net45-Release|Any CPU = Net45-Release|Any CPU
		Portable-Debug|Any CPU = Portable-Debug|Any CPU
		Portable-Release|Any CPU = Portable-Release|Any CPU
	EndGlobalSection
	GlobalSection(ProjectConfigurationPlatforms) = postSolution
		{A29E3B5E-B4FF-42DB-A50A-26C5B66F60F8}.Net40-Debug|Any CPU.ActiveCfg = Debug|Any CPU
		{A29E3B5E-B4FF-42DB-A50A-26C5B66F60F8}.Net40-Debug|Any CPU.Build.0 = Debug|Any CPU
		{A29E3B5E-B4FF-42DB-A50A-26C5B66F60F8}.Net40-Release|Any CPU.ActiveCfg = Release|Any CPU
		{A29E3B5E-B4FF-42DB-A50A-26C5B66F60F8}.Net40-Release|Any CPU.Build.0 = Release|Any CPU
		{A29E3B5E-B4FF-42DB-A50A-26C5B66F60F8}.Net45-Debug|Any CPU.ActiveCfg = Debug|Any CPU
		{A29E3B5E-B4FF-42DB-A50A-26C5B66F60F8}.Net45-Debug|Any CPU.Build.0 = Debug|Any CPU
		{A29E3B5E-B4FF-42DB-A50A-26C5B66F60F8}.Net45-Release|Any CPU.ActiveCfg = Release|Any CPU
		{A29E3B5E-B4FF-42DB-A50A-26C5B66F60F8}.Net45-Release|Any CPU.Build.0 = Release|Any CPU
		{A29E3B5E-B4FF-42DB-A50A-26C5B66F60F8}.Portable-Debug|Any CPU.ActiveCfg = Debug|Any CPU
		{A29E3B5E-B4FF-42DB-A50A-26C5B66F60F8}.Portable-Debug|Any CPU.Build.0 = Debug|Any CPU
		{A29E3B5E-B4FF-42DB-A50A-26C5B66F60F8}.Portable-Release|Any CPU.ActiveCfg = Release|Any CPU
		{A29E3B5E-B4FF-42DB-A50A-26C5B66F60F8}.Portable-Release|Any CPU.Build.0 = Release|Any CPU
	EndGlobalSection
	GlobalSection(SolutionProperties) = preSolution
		HideSolutionNode = FALSE
	EndGlobalSection
	GlobalSection(ExtensibilityGlobals) = postSolution
		SolutionGuid = {1D4A2774-0C7B-40BB-B3B3-FE23E4FE5D11}
	EndGlobalSection
EndGlobal
