Microsoft Visual Studio Solution File, Format Version 12.00
# Visual Studio 15
VisualStudioVersion = 15.0.27130.2020
MinimumVisualStudioVersion = 10.0.40219.1
Project("{9A19103F-16F7-4668-BE54-9A1E7A4F7556}") = "Microsoft.Azure.Management.HDInsight", "Microsoft.Azure.Management.HDInsight\Microsoft.Azure.Management.HDInsight.csproj", "{B48C0FA4-548A-44B7-A447-A3690073E8A3}"
EndProject
Project("{2150E333-8FDC-42A3-9474-1A3956D46DE8}") = "Solution Items", "Solution Items", "{0A072201-5EC1-4A30-A814-5E4D5FCD4DCB}"
	ProjectSection(SolutionItems) = preProject
		codecoverage.runsettings = codecoverage.runsettings
	EndProjectSection
EndProject
Global
	GlobalSection(SolutionConfigurationPlatforms) = preSolution
		Debug|Any CPU = Debug|Any CPU
		Release|Any CPU = Release|Any CPU
	EndGlobalSection
	GlobalSection(ProjectConfigurationPlatforms) = postSolution
		{B48C0FA4-548A-44B7-A447-A3690073E8A3}.Debug|Any CPU.ActiveCfg = Debug|Any CPU
		{B48C0FA4-548A-44B7-A447-A3690073E8A3}.Debug|Any CPU.Build.0 = Debug|Any CPU
		{B48C0FA4-548A-44B7-A447-A3690073E8A3}.Release|Any CPU.ActiveCfg = Release|Any CPU
		{B48C0FA4-548A-44B7-A447-A3690073E8A3}.Release|Any CPU.Build.0 = Release|Any CPU
	EndGlobalSection
	GlobalSection(SolutionProperties) = preSolution
		HideSolutionNode = FALSE
	EndGlobalSection
EndGlobal
