
Microsoft Visual Studio Solution File, Format Version 12.00
# Visual Studio 15
VisualStudioVersion = 15.0.27004.2002
MinimumVisualStudioVersion = 10.0.40219.1
Project("{9A19103F-16F7-4668-BE54-9A1E7A4F7556}") = "Microsoft.Azure.Common", "Microsoft.Azure.Common\Microsoft.Azure.Common.csproj", "{FCC60879-6BCF-4EBE-BF6B-944AEA2BA892}"
EndProject
Project("{9A19103F-16F7-4668-BE54-9A1E7A4F7556}") = "Hyak.Common", "Hyak.Common\Hyak.Common.csproj", "{C8CE7F6A-C092-4318-9A25-EA330A5B57D9}"
EndProject
Global
	GlobalSection(SolutionConfigurationPlatforms) = preSolution
		Debug|Any CPU = Debug|Any CPU
		Release|Any CPU = Release|Any CPU
	EndGlobalSection
	GlobalSection(ProjectConfigurationPlatforms) = postSolution
		{FCC60879-6BCF-4EBE-BF6B-944AEA2BA892}.Debug|Any CPU.ActiveCfg = Debug|Any CPU
		{FCC60879-6BCF-4EBE-BF6B-944AEA2BA892}.Debug|Any CPU.Build.0 = Debug|Any CPU
		{FCC60879-6BCF-4EBE-BF6B-944AEA2BA892}.Release|Any CPU.ActiveCfg = Release|Any CPU
		{FCC60879-6BCF-4EBE-BF6B-944AEA2BA892}.Release|Any CPU.Build.0 = Release|Any CPU
		{C8CE7F6A-C092-4318-9A25-EA330A5B57D9}.Debug|Any CPU.ActiveCfg = Debug|Any CPU
		{C8CE7F6A-C092-4318-9A25-EA330A5B57D9}.Debug|Any CPU.Build.0 = Debug|Any CPU
		{C8CE7F6A-C092-4318-9A25-EA330A5B57D9}.Release|Any CPU.ActiveCfg = Release|Any CPU
		{C8CE7F6A-C092-4318-9A25-EA330A5B57D9}.Release|Any CPU.Build.0 = Release|Any CPU
	EndGlobalSection
	GlobalSection(SolutionProperties) = preSolution
		HideSolutionNode = FALSE
	EndGlobalSection
	GlobalSection(ExtensibilityGlobals) = postSolution
		SolutionGuid = {E599E405-090E-4959-9628-9D85B01B9D86}
	EndGlobalSection
EndGlobal
