
Microsoft Visual Studio Solution File, Format Version 12.00
# Visual Studio 15
VisualStudioVersion = 15.0.27004.2002
MinimumVisualStudioVersion = 10.0.40219.1
Project("{9A19103F-16F7-4668-BE54-9A1E7A4F7556}") = "Microsoft.Azure.Management.Automation", "Microsoft.Azure.Management.Automation\Microsoft.Azure.Management.Automation.csproj", "{226E5395-E0C2-4E77-9B30-2C59B9DCC1D4}"
EndProject
Project("{9A19103F-16F7-4668-BE54-9A1E7A4F7556}") = "Automation.Tests", "Automation.Tests\Automation.Tests.csproj", "{A293AA15-BB16-48D7-8190-2955D5D8A880}"
EndProject
Global
	GlobalSection(SolutionConfigurationPlatforms) = preSolution
		Debug|Any CPU = Debug|Any CPU
		Release|Any CPU = Release|Any CPU
	EndGlobalSection
	GlobalSection(ProjectConfigurationPlatforms) = postSolution
		{226E5395-E0C2-4E77-9B30-2C59B9DCC1D4}.Debug|Any CPU.ActiveCfg = Debug|Any CPU
		{226E5395-E0C2-4E77-9B30-2C59B9DCC1D4}.Debug|Any CPU.Build.0 = Debug|Any CPU
		{226E5395-E0C2-4E77-9B30-2C59B9DCC1D4}.Release|Any CPU.ActiveCfg = Release|Any CPU
		{226E5395-E0C2-4E77-9B30-2C59B9DCC1D4}.Release|Any CPU.Build.0 = Release|Any CPU
		{A293AA15-BB16-48D7-8190-2955D5D8A880}.Debug|Any CPU.ActiveCfg = Debug|Any CPU
		{A293AA15-BB16-48D7-8190-2955D5D8A880}.Debug|Any CPU.Build.0 = Debug|Any CPU
		{A293AA15-BB16-48D7-8190-2955D5D8A880}.Release|Any CPU.ActiveCfg = Release|Any CPU
	EndGlobalSection
	GlobalSection(SolutionProperties) = preSolution
		HideSolutionNode = FALSE
	EndGlobalSection
	GlobalSection(ExtensibilityGlobals) = postSolution
		SolutionGuid = {91918665-7664-4324-87A1-E7CE9F2B36D6}
	EndGlobalSection
EndGlobal
